// !$*UTF8*$!
{
	archiveVersion = 1;
	classes = {
	};
	objectVersion = 54;
	objects = {

/* Begin PBXBuildFile section */
		B2F49FAD27F25655009415BD /* AppDelegate.swift in Sources */ = {isa = PBXBuildFile; fileRef = B2F49FAC27F25655009415BD /* AppDelegate.swift */; };
		B2F49FAF27F25655009415BD /* SceneDelegate.swift in Sources */ = {isa = PBXBuildFile; fileRef = B2F49FAE27F25655009415BD /* SceneDelegate.swift */; };
		B2F49FB127F25655009415BD /* ViewController.swift in Sources */ = {isa = PBXBuildFile; fileRef = B2F49FB027F25655009415BD /* ViewController.swift */; };
		B2F49FB427F25655009415BD /* Main.storyboard in Resources */ = {isa = PBXBuildFile; fileRef = B2F49FB227F25655009415BD /* Main.storyboard */; };
		B2F49FB627F25657009415BD /* Assets.xcassets in Resources */ = {isa = PBXBuildFile; fileRef = B2F49FB527F25657009415BD /* Assets.xcassets */; };
		B2F49FB927F25657009415BD /* LaunchScreen.storyboard in Resources */ = {isa = PBXBuildFile; fileRef = B2F49FB727F25657009415BD /* LaunchScreen.storyboard */; };
		B2F49FC127F25809009415BD /* SignUpLoginViewController.swift in Sources */ = {isa = PBXBuildFile; fileRef = B2F49FC027F25809009415BD /* SignUpLoginViewController.swift */; };
		B2F49FC327F25849009415BD /* MapViewController.swift in Sources */ = {isa = PBXBuildFile; fileRef = B2F49FC227F25849009415BD /* MapViewController.swift */; };
		B2F49FC527F25895009415BD /* EventsListViewController.swift in Sources */ = {isa = PBXBuildFile; fileRef = B2F49FC427F25895009415BD /* EventsListViewController.swift */; };
		B2F49FC727F258CD009415BD /* CreateEventViewController.swift in Sources */ = {isa = PBXBuildFile; fileRef = B2F49FC627F258CD009415BD /* CreateEventViewController.swift */; };
		B2F49FC927F2591F009415BD /* MyEventsViewController.swift in Sources */ = {isa = PBXBuildFile; fileRef = B2F49FC827F2591F009415BD /* MyEventsViewController.swift */; };
		D197F21527F4941100518D71 /* MapView.storyboard in Resources */ = {isa = PBXBuildFile; fileRef = D197F21427F4941100518D71 /* MapView.storyboard */; };
		D197F21727F4946500518D71 /* EventsListView.storyboard in Resources */ = {isa = PBXBuildFile; fileRef = D197F21627F4946500518D71 /* EventsListView.storyboard */; };
		D197F21B27F494DD00518D71 /* MyEventsView.storyboard in Resources */ = {isa = PBXBuildFile; fileRef = D197F21A27F494DD00518D71 /* MyEventsView.storyboard */; };
		D197F21D27F4951500518D71 /* CreateEvents.storyboard in Resources */ = {isa = PBXBuildFile; fileRef = D197F21C27F4951500518D71 /* CreateEvents.storyboard */; };
		D825CBF749E92BB51E869676 /* Pods_gratuit.framework in Frameworks */ = {isa = PBXBuildFile; fileRef = D0E4DF4DFCC4869AAE94464C /* Pods_gratuit.framework */; };
/* End PBXBuildFile section */

/* Begin PBXFileReference section */
		12A6F228B8CA546F27700C79 /* Pods-gratuit.release.xcconfig */ = {isa = PBXFileReference; includeInIndex = 1; lastKnownFileType = text.xcconfig; name = "Pods-gratuit.release.xcconfig"; path = "Target Support Files/Pods-gratuit/Pods-gratuit.release.xcconfig"; sourceTree = "<group>"; };
		3C5EF974DDF05AA194739135 /* Pods-gratuit.debug.xcconfig */ = {isa = PBXFileReference; includeInIndex = 1; lastKnownFileType = text.xcconfig; name = "Pods-gratuit.debug.xcconfig"; path = "Target Support Files/Pods-gratuit/Pods-gratuit.debug.xcconfig"; sourceTree = "<group>"; };
		B2F49FA927F25655009415BD /* gratuit.app */ = {isa = PBXFileReference; explicitFileType = wrapper.application; includeInIndex = 0; path = gratuit.app; sourceTree = BUILT_PRODUCTS_DIR; };
		B2F49FAC27F25655009415BD /* AppDelegate.swift */ = {isa = PBXFileReference; lastKnownFileType = sourcecode.swift; path = AppDelegate.swift; sourceTree = "<group>"; };
		B2F49FAE27F25655009415BD /* SceneDelegate.swift */ = {isa = PBXFileReference; lastKnownFileType = sourcecode.swift; path = SceneDelegate.swift; sourceTree = "<group>"; };
		B2F49FB027F25655009415BD /* ViewController.swift */ = {isa = PBXFileReference; lastKnownFileType = sourcecode.swift; path = ViewController.swift; sourceTree = "<group>"; };
		B2F49FB327F25655009415BD /* Base */ = {isa = PBXFileReference; lastKnownFileType = file.storyboard; name = Base; path = Base.lproj/Main.storyboard; sourceTree = "<group>"; };
		B2F49FB527F25657009415BD /* Assets.xcassets */ = {isa = PBXFileReference; lastKnownFileType = folder.assetcatalog; path = Assets.xcassets; sourceTree = "<group>"; };
		B2F49FB827F25657009415BD /* Base */ = {isa = PBXFileReference; lastKnownFileType = file.storyboard; name = Base; path = Base.lproj/LaunchScreen.storyboard; sourceTree = "<group>"; };
		B2F49FBA27F25657009415BD /* Info.plist */ = {isa = PBXFileReference; lastKnownFileType = text.plist.xml; path = Info.plist; sourceTree = "<group>"; };
		B2F49FC027F25809009415BD /* SignUpLoginViewController.swift */ = {isa = PBXFileReference; lastKnownFileType = sourcecode.swift; path = SignUpLoginViewController.swift; sourceTree = "<group>"; };
		B2F49FC227F25849009415BD /* MapViewController.swift */ = {isa = PBXFileReference; lastKnownFileType = sourcecode.swift; path = MapViewController.swift; sourceTree = "<group>"; };
		B2F49FC427F25895009415BD /* EventsListViewController.swift */ = {isa = PBXFileReference; lastKnownFileType = sourcecode.swift; path = EventsListViewController.swift; sourceTree = "<group>"; };
		B2F49FC627F258CD009415BD /* CreateEventViewController.swift */ = {isa = PBXFileReference; lastKnownFileType = sourcecode.swift; path = CreateEventViewController.swift; sourceTree = "<group>"; };
		B2F49FC827F2591F009415BD /* MyEventsViewController.swift */ = {isa = PBXFileReference; lastKnownFileType = sourcecode.swift; path = MyEventsViewController.swift; sourceTree = "<group>"; };
		D0E4DF4DFCC4869AAE94464C /* Pods_gratuit.framework */ = {isa = PBXFileReference; explicitFileType = wrapper.framework; includeInIndex = 0; path = Pods_gratuit.framework; sourceTree = BUILT_PRODUCTS_DIR; };
		D197F21427F4941100518D71 /* MapView.storyboard */ = {isa = PBXFileReference; lastKnownFileType = file.storyboard; path = MapView.storyboard; sourceTree = "<group>"; };
		D197F21627F4946500518D71 /* EventsListView.storyboard */ = {isa = PBXFileReference; lastKnownFileType = file.storyboard; path = EventsListView.storyboard; sourceTree = "<group>"; };
		D197F21A27F494DD00518D71 /* MyEventsView.storyboard */ = {isa = PBXFileReference; lastKnownFileType = file.storyboard; path = MyEventsView.storyboard; sourceTree = "<group>"; };
		D197F21C27F4951500518D71 /* CreateEvents.storyboard */ = {isa = PBXFileReference; lastKnownFileType = file.storyboard; path = CreateEvents.storyboard; sourceTree = "<group>"; };
/* End PBXFileReference section */

/* Begin PBXFrameworksBuildPhase section */
		B2F49FA627F25655009415BD /* Frameworks */ = {
			isa = PBXFrameworksBuildPhase;
			buildActionMask = 2147483647;
			files = (
				D825CBF749E92BB51E869676 /* Pods_gratuit.framework in Frameworks */,
			);
			runOnlyForDeploymentPostprocessing = 0;
		};
/* End PBXFrameworksBuildPhase section */

/* Begin PBXGroup section */
		1538FD55F75E34E7CA654379 /* Pods */ = {
			isa = PBXGroup;
			children = (
				3C5EF974DDF05AA194739135 /* Pods-gratuit.debug.xcconfig */,
				12A6F228B8CA546F27700C79 /* Pods-gratuit.release.xcconfig */,
			);
			path = Pods;
			sourceTree = "<group>";
		};
		989469F4EE13D69207F3F570 /* Frameworks */ = {
			isa = PBXGroup;
			children = (
				D0E4DF4DFCC4869AAE94464C /* Pods_gratuit.framework */,
			);
			name = Frameworks;
			sourceTree = "<group>";
		};
		B2F49FA027F25655009415BD = {
			isa = PBXGroup;
			children = (
				B2F49FAB27F25655009415BD /* gratuit */,
				B2F49FAA27F25655009415BD /* Products */,
				1538FD55F75E34E7CA654379 /* Pods */,
				989469F4EE13D69207F3F570 /* Frameworks */,
			);
			sourceTree = "<group>";
		};
		B2F49FAA27F25655009415BD /* Products */ = {
			isa = PBXGroup;
			children = (
				B2F49FA927F25655009415BD /* gratuit.app */,
			);
			name = Products;
			sourceTree = "<group>";
		};
		B2F49FAB27F25655009415BD /* gratuit */ = {
			isa = PBXGroup;
			children = (
				B2F49FAC27F25655009415BD /* AppDelegate.swift */,
				B2F49FAE27F25655009415BD /* SceneDelegate.swift */,
				B2F49FB027F25655009415BD /* ViewController.swift */,
				B2F49FB227F25655009415BD /* Main.storyboard */,
				D197F21427F4941100518D71 /* MapView.storyboard */,
				D197F21C27F4951500518D71 /* CreateEvents.storyboard */,
				D197F21627F4946500518D71 /* EventsListView.storyboard */,
				D197F21A27F494DD00518D71 /* MyEventsView.storyboard */,
				B2F49FC827F2591F009415BD /* MyEventsViewController.swift */,
				B2F49FC627F258CD009415BD /* CreateEventViewController.swift */,
				B2F49FC427F25895009415BD /* EventsListViewController.swift */,
				B2F49FC227F25849009415BD /* MapViewController.swift */,
				B2F49FC027F25809009415BD /* SignUpLoginViewController.swift */,
				B2F49FB527F25657009415BD /* Assets.xcassets */,
				B2F49FB727F25657009415BD /* LaunchScreen.storyboard */,
				B2F49FBA27F25657009415BD /* Info.plist */,
			);
			path = gratuit;
			sourceTree = "<group>";
		};
/* End PBXGroup section */

/* Begin PBXNativeTarget section */
		B2F49FA827F25655009415BD /* gratuit */ = {
			isa = PBXNativeTarget;
			buildConfigurationList = B2F49FBD27F25657009415BD /* Build configuration list for PBXNativeTarget "gratuit" */;
			buildPhases = (
				6012C05C043165E3487DD36D /* [CP] Check Pods Manifest.lock */,
				B2F49FA527F25655009415BD /* Sources */,
				B2F49FA627F25655009415BD /* Frameworks */,
				B2F49FA727F25655009415BD /* Resources */,
				18A66EDE92D1110B3666807E /* [CP] Embed Pods Frameworks */,
				AE72CA4FA9C188FBB07F7214 /* [CP] Copy Pods Resources */,
			);
			buildRules = (
			);
			dependencies = (
			);
			name = gratuit;
			productName = gratuit;
			productReference = B2F49FA927F25655009415BD /* gratuit.app */;
			productType = "com.apple.product-type.application";
		};
/* End PBXNativeTarget section */

/* Begin PBXProject section */
		B2F49FA127F25655009415BD /* Project object */ = {
			isa = PBXProject;
			attributes = {
				BuildIndependentTargetsInParallel = 1;
				LastSwiftUpdateCheck = 1320;
				LastUpgradeCheck = 1320;
				TargetAttributes = {
					B2F49FA827F25655009415BD = {
						CreatedOnToolsVersion = 13.2.1;
					};
				};
			};
			buildConfigurationList = B2F49FA427F25655009415BD /* Build configuration list for PBXProject "gratuit" */;
			compatibilityVersion = "Xcode 12.0";
			developmentRegion = en;
			hasScannedForEncodings = 0;
			knownRegions = (
				en,
				Base,
			);
			mainGroup = B2F49FA027F25655009415BD;
			productRefGroup = B2F49FAA27F25655009415BD /* Products */;
			projectDirPath = "";
			projectRoot = "";
			targets = (
				B2F49FA827F25655009415BD /* gratuit */,
			);
		};
/* End PBXProject section */

/* Begin PBXResourcesBuildPhase section */
		B2F49FA727F25655009415BD /* Resources */ = {
			isa = PBXResourcesBuildPhase;
			buildActionMask = 2147483647;
			files = (
				D197F21B27F494DD00518D71 /* MyEventsView.storyboard in Resources */,
				D197F21727F4946500518D71 /* EventsListView.storyboard in Resources */,
				B2F49FB927F25657009415BD /* LaunchScreen.storyboard in Resources */,
				D197F21527F4941100518D71 /* MapView.storyboard in Resources */,
				B2F49FB627F25657009415BD /* Assets.xcassets in Resources */,
				B2F49FB427F25655009415BD /* Main.storyboard in Resources */,
				D197F21D27F4951500518D71 /* CreateEvents.storyboard in Resources */,
			);
			runOnlyForDeploymentPostprocessing = 0;
		};
/* End PBXResourcesBuildPhase section */

/* Begin PBXShellScriptBuildPhase section */
		18A66EDE92D1110B3666807E /* [CP] Embed Pods Frameworks */ = {
			isa = PBXShellScriptBuildPhase;
			buildActionMask = 2147483647;
			files = (
			);
			inputFileListPaths = (
				"${PODS_ROOT}/Target Support Files/Pods-gratuit/Pods-gratuit-frameworks-${CONFIGURATION}-input-files.xcfilelist",
			);
			name = "[CP] Embed Pods Frameworks";
			outputFileListPaths = (
				"${PODS_ROOT}/Target Support Files/Pods-gratuit/Pods-gratuit-frameworks-${CONFIGURATION}-output-files.xcfilelist",
			);
			runOnlyForDeploymentPostprocessing = 0;
			shellPath = /bin/sh;
			shellScript = "\"${PODS_ROOT}/Target Support Files/Pods-gratuit/Pods-gratuit-frameworks.sh\"\n";
			showEnvVarsInLog = 0;
		};
		6012C05C043165E3487DD36D /* [CP] Check Pods Manifest.lock */ = {
			isa = PBXShellScriptBuildPhase;
			buildActionMask = 2147483647;
			files = (
			);
			inputFileListPaths = (
			);
			inputPaths = (
				"${PODS_PODFILE_DIR_PATH}/Podfile.lock",
				"${PODS_ROOT}/Manifest.lock",
			);
			name = "[CP] Check Pods Manifest.lock";
			outputFileListPaths = (
			);
			outputPaths = (
				"$(DERIVED_FILE_DIR)/Pods-gratuit-checkManifestLockResult.txt",
			);
			runOnlyForDeploymentPostprocessing = 0;
			shellPath = /bin/sh;
			shellScript = "diff \"${PODS_PODFILE_DIR_PATH}/Podfile.lock\" \"${PODS_ROOT}/Manifest.lock\" > /dev/null\nif [ $? != 0 ] ; then\n    # print error to STDERR\n    echo \"error: The sandbox is not in sync with the Podfile.lock. Run 'pod install' or update your CocoaPods installation.\" >&2\n    exit 1\nfi\n# This output is used by Xcode 'outputs' to avoid re-running this script phase.\necho \"SUCCESS\" > \"${SCRIPT_OUTPUT_FILE_0}\"\n";
			showEnvVarsInLog = 0;
		};
		AE72CA4FA9C188FBB07F7214 /* [CP] Copy Pods Resources */ = {
			isa = PBXShellScriptBuildPhase;
			buildActionMask = 2147483647;
			files = (
			);
			inputFileListPaths = (
				"${PODS_ROOT}/Target Support Files/Pods-gratuit/Pods-gratuit-resources-${CONFIGURATION}-input-files.xcfilelist",
			);
			name = "[CP] Copy Pods Resources";
			outputFileListPaths = (
				"${PODS_ROOT}/Target Support Files/Pods-gratuit/Pods-gratuit-resources-${CONFIGURATION}-output-files.xcfilelist",
			);
			runOnlyForDeploymentPostprocessing = 0;
			shellPath = /bin/sh;
			shellScript = "\"${PODS_ROOT}/Target Support Files/Pods-gratuit/Pods-gratuit-resources.sh\"\n";
			showEnvVarsInLog = 0;
		};
/* End PBXShellScriptBuildPhase section */

/* Begin PBXSourcesBuildPhase section */
		B2F49FA527F25655009415BD /* Sources */ = {
			isa = PBXSourcesBuildPhase;
			buildActionMask = 2147483647;
			files = (
				B2F49FC127F25809009415BD /* SignUpLoginViewController.swift in Sources */,
				B2F49FC927F2591F009415BD /* MyEventsViewController.swift in Sources */,
				B2F49FC527F25895009415BD /* EventsListViewController.swift in Sources */,
				B2F49FB127F25655009415BD /* ViewController.swift in Sources */,
				B2F49FC727F258CD009415BD /* CreateEventViewController.swift in Sources */,
				B2F49FAD27F25655009415BD /* AppDelegate.swift in Sources */,
				B2F49FC327F25849009415BD /* MapViewController.swift in Sources */,
				B2F49FAF27F25655009415BD /* SceneDelegate.swift in Sources */,
			);
			runOnlyForDeploymentPostprocessing = 0;
		};
/* End PBXSourcesBuildPhase section */

/* Begin PBXVariantGroup section */
		B2F49FB227F25655009415BD /* Main.storyboard */ = {
			isa = PBXVariantGroup;
			children = (
				B2F49FB327F25655009415BD /* Base */,
			);
			name = Main.storyboard;
			sourceTree = "<group>";
		};
		B2F49FB727F25657009415BD /* LaunchScreen.storyboard */ = {
			isa = PBXVariantGroup;
			children = (
				B2F49FB827F25657009415BD /* Base */,
			);
			name = LaunchScreen.storyboard;
			sourceTree = "<group>";
		};
/* End PBXVariantGroup section */

/* Begin XCBuildConfiguration section */
		B2F49FBB27F25657009415BD /* Debug */ = {
			isa = XCBuildConfiguration;
			buildSettings = {
				ALWAYS_SEARCH_USER_PATHS = NO;
				CLANG_ANALYZER_NONNULL = YES;
				CLANG_ANALYZER_NUMBER_OBJECT_CONVERSION = YES_AGGRESSIVE;
				CLANG_CXX_LANGUAGE_STANDARD = "gnu++17";
				CLANG_CXX_LIBRARY = "libc++";
				CLANG_ENABLE_MODULES = YES;
				CLANG_ENABLE_OBJC_ARC = YES;
				CLANG_ENABLE_OBJC_WEAK = YES;
				CLANG_WARN_BLOCK_CAPTURE_AUTORELEASING = YES;
				CLANG_WARN_BOOL_CONVERSION = YES;
				CLANG_WARN_COMMA = YES;
				CLANG_WARN_CONSTANT_CONVERSION = YES;
				CLANG_WARN_DEPRECATED_OBJC_IMPLEMENTATIONS = YES;
				CLANG_WARN_DIRECT_OBJC_ISA_USAGE = YES_ERROR;
				CLANG_WARN_DOCUMENTATION_COMMENTS = YES;
				CLANG_WARN_EMPTY_BODY = YES;
				CLANG_WARN_ENUM_CONVERSION = YES;
				CLANG_WARN_INFINITE_RECURSION = YES;
				CLANG_WARN_INT_CONVERSION = YES;
				CLANG_WARN_NON_LITERAL_NULL_CONVERSION = YES;
				CLANG_WARN_OBJC_IMPLICIT_RETAIN_SELF = YES;
				CLANG_WARN_OBJC_LITERAL_CONVERSION = YES;
				CLANG_WARN_OBJC_ROOT_CLASS = YES_ERROR;
				CLANG_WARN_QUOTED_INCLUDE_IN_FRAMEWORK_HEADER = YES;
				CLANG_WARN_RANGE_LOOP_ANALYSIS = YES;
				CLANG_WARN_STRICT_PROTOTYPES = YES;
				CLANG_WARN_SUSPICIOUS_MOVE = YES;
				CLANG_WARN_UNGUARDED_AVAILABILITY = YES_AGGRESSIVE;
				CLANG_WARN_UNREACHABLE_CODE = YES;
				CLANG_WARN__DUPLICATE_METHOD_MATCH = YES;
				COPY_PHASE_STRIP = NO;
				DEBUG_INFORMATION_FORMAT = dwarf;
				ENABLE_STRICT_OBJC_MSGSEND = YES;
				ENABLE_TESTABILITY = YES;
				GCC_C_LANGUAGE_STANDARD = gnu11;
				GCC_DYNAMIC_NO_PIC = NO;
				GCC_NO_COMMON_BLOCKS = YES;
				GCC_OPTIMIZATION_LEVEL = 0;
				GCC_PREPROCESSOR_DEFINITIONS = (
					"DEBUG=1",
					"$(inherited)",
				);
				GCC_WARN_64_TO_32_BIT_CONVERSION = YES;
				GCC_WARN_ABOUT_RETURN_TYPE = YES_ERROR;
				GCC_WARN_UNDECLARED_SELECTOR = YES;
				GCC_WARN_UNINITIALIZED_AUTOS = YES_AGGRESSIVE;
				GCC_WARN_UNUSED_FUNCTION = YES;
				GCC_WARN_UNUSED_VARIABLE = YES;
				IPHONEOS_DEPLOYMENT_TARGET = 15.2;
				MTL_ENABLE_DEBUG_INFO = INCLUDE_SOURCE;
				MTL_FAST_MATH = YES;
				ONLY_ACTIVE_ARCH = YES;
				SDKROOT = iphoneos;
				SWIFT_ACTIVE_COMPILATION_CONDITIONS = DEBUG;
				SWIFT_OPTIMIZATION_LEVEL = "-Onone";
			};
			name = Debug;
		};
		B2F49FBC27F25657009415BD /* Release */ = {
			isa = XCBuildConfiguration;
			buildSettings = {
				ALWAYS_SEARCH_USER_PATHS = NO;
				CLANG_ANALYZER_NONNULL = YES;
				CLANG_ANALYZER_NUMBER_OBJECT_CONVERSION = YES_AGGRESSIVE;
				CLANG_CXX_LANGUAGE_STANDARD = "gnu++17";
				CLANG_CXX_LIBRARY = "libc++";
				CLANG_ENABLE_MODULES = YES;
				CLANG_ENABLE_OBJC_ARC = YES;
				CLANG_ENABLE_OBJC_WEAK = YES;
				CLANG_WARN_BLOCK_CAPTURE_AUTORELEASING = YES;
				CLANG_WARN_BOOL_CONVERSION = YES;
				CLANG_WARN_COMMA = YES;
				CLANG_WARN_CONSTANT_CONVERSION = YES;
				CLANG_WARN_DEPRECATED_OBJC_IMPLEMENTATIONS = YES;
				CLANG_WARN_DIRECT_OBJC_ISA_USAGE = YES_ERROR;
				CLANG_WARN_DOCUMENTATION_COMMENTS = YES;
				CLANG_WARN_EMPTY_BODY = YES;
				CLANG_WARN_ENUM_CONVERSION = YES;
				CLANG_WARN_INFINITE_RECURSION = YES;
				CLANG_WARN_INT_CONVERSION = YES;
				CLANG_WARN_NON_LITERAL_NULL_CONVERSION = YES;
				CLANG_WARN_OBJC_IMPLICIT_RETAIN_SELF = YES;
				CLANG_WARN_OBJC_LITERAL_CONVERSION = YES;
				CLANG_WARN_OBJC_ROOT_CLASS = YES_ERROR;
				CLANG_WARN_QUOTED_INCLUDE_IN_FRAMEWORK_HEADER = YES;
				CLANG_WARN_RANGE_LOOP_ANALYSIS = YES;
				CLANG_WARN_STRICT_PROTOTYPES = YES;
				CLANG_WARN_SUSPICIOUS_MOVE = YES;
				CLANG_WARN_UNGUARDED_AVAILABILITY = YES_AGGRESSIVE;
				CLANG_WARN_UNREACHABLE_CODE = YES;
				CLANG_WARN__DUPLICATE_METHOD_MATCH = YES;
				COPY_PHASE_STRIP = NO;
				DEBUG_INFORMATION_FORMAT = "dwarf-with-dsym";
				ENABLE_NS_ASSERTIONS = NO;
				ENABLE_STRICT_OBJC_MSGSEND = YES;
				GCC_C_LANGUAGE_STANDARD = gnu11;
				GCC_NO_COMMON_BLOCKS = YES;
				GCC_WARN_64_TO_32_BIT_CONVERSION = YES;
				GCC_WARN_ABOUT_RETURN_TYPE = YES_ERROR;
				GCC_WARN_UNDECLARED_SELECTOR = YES;
				GCC_WARN_UNINITIALIZED_AUTOS = YES_AGGRESSIVE;
				GCC_WARN_UNUSED_FUNCTION = YES;
				GCC_WARN_UNUSED_VARIABLE = YES;
				IPHONEOS_DEPLOYMENT_TARGET = 15.2;
				MTL_ENABLE_DEBUG_INFO = NO;
				MTL_FAST_MATH = YES;
				SDKROOT = iphoneos;
				SWIFT_COMPILATION_MODE = wholemodule;
				SWIFT_OPTIMIZATION_LEVEL = "-O";
				VALIDATE_PRODUCT = YES;
			};
			name = Release;
		};
		B2F49FBE27F25657009415BD /* Debug */ = {
			isa = XCBuildConfiguration;
			baseConfigurationReference = 3C5EF974DDF05AA194739135 /* Pods-gratuit.debug.xcconfig */;
			buildSettings = {
				ASSETCATALOG_COMPILER_APPICON_NAME = AppIcon;
				ASSETCATALOG_COMPILER_GLOBAL_ACCENT_COLOR_NAME = AccentColor;
				CODE_SIGN_STYLE = Automatic;
				CURRENT_PROJECT_VERSION = 1;
				DEVELOPMENT_TEAM = "";
				GENERATE_INFOPLIST_FILE = YES;
				INFOPLIST_FILE = gratuit/Info.plist;
				INFOPLIST_KEY_UIApplicationSupportsIndirectInputEvents = YES;
				INFOPLIST_KEY_UILaunchStoryboardName = LaunchScreen;
				INFOPLIST_KEY_UIMainStoryboardFile = Main;
				INFOPLIST_KEY_UISupportedInterfaceOrientations_iPad = "UIInterfaceOrientationPortrait UIInterfaceOrientationPortraitUpsideDown UIInterfaceOrientationLandscapeLeft UIInterfaceOrientationLandscapeRight";
				INFOPLIST_KEY_UISupportedInterfaceOrientations_iPhone = "UIInterfaceOrientationPortrait UIInterfaceOrientationLandscapeLeft UIInterfaceOrientationLandscapeRight";
				LD_RUNPATH_SEARCH_PATHS = (
					"$(inherited)",
					"@executable_path/Frameworks",
				);
				MARKETING_VERSION = 1.0;
				PRODUCT_BUNDLE_IDENTIFIER = com.sayamkanwar.gratuit;
				PRODUCT_NAME = "$(TARGET_NAME)";
				SWIFT_EMIT_LOC_STRINGS = YES;
				SWIFT_VERSION = 5.0;
				TARGETED_DEVICE_FAMILY = "1,2";
			};
			name = Debug;
		};
		B2F49FBF27F25657009415BD /* Release */ = {
			isa = XCBuildConfiguration;
			baseConfigurationReference = 12A6F228B8CA546F27700C79 /* Pods-gratuit.release.xcconfig */;
			buildSettings = {
				ASSETCATALOG_COMPILER_APPICON_NAME = AppIcon;
				ASSETCATALOG_COMPILER_GLOBAL_ACCENT_COLOR_NAME = AccentColor;
				CODE_SIGN_STYLE = Automatic;
				CURRENT_PROJECT_VERSION = 1;
				DEVELOPMENT_TEAM = "";
				GENERATE_INFOPLIST_FILE = YES;
				INFOPLIST_FILE = gratuit/Info.plist;
				INFOPLIST_KEY_UIApplicationSupportsIndirectInputEvents = YES;
				INFOPLIST_KEY_UILaunchStoryboardName = LaunchScreen;
				INFOPLIST_KEY_UIMainStoryboardFile = Main;
				INFOPLIST_KEY_UISupportedInterfaceOrientations_iPad = "UIInterfaceOrientationPortrait UIInterfaceOrientationPortraitUpsideDown UIInterfaceOrientationLandscapeLeft UIInterfaceOrientationLandscapeRight";
				INFOPLIST_KEY_UISupportedInterfaceOrientations_iPhone = "UIInterfaceOrientationPortrait UIInterfaceOrientationLandscapeLeft UIInterfaceOrientationLandscapeRight";
				LD_RUNPATH_SEARCH_PATHS = (
					"$(inherited)",
					"@executable_path/Frameworks",
				);
				MARKETING_VERSION = 1.0;
				PRODUCT_BUNDLE_IDENTIFIER = com.sayamkanwar.gratuit;
				PRODUCT_NAME = "$(TARGET_NAME)";
				SWIFT_EMIT_LOC_STRINGS = YES;
				SWIFT_VERSION = 5.0;
				TARGETED_DEVICE_FAMILY = "1,2";
			};
			name = Release;
		};
/* End XCBuildConfiguration section */

/* Begin XCConfigurationList section */
		B2F49FA427F25655009415BD /* Build configuration list for PBXProject "gratuit" */ = {
			isa = XCConfigurationList;
			buildConfigurations = (
				B2F49FBB27F25657009415BD /* Debug */,
				B2F49FBC27F25657009415BD /* Release */,
			);
			defaultConfigurationIsVisible = 0;
			defaultConfigurationName = Release;
		};
		B2F49FBD27F25657009415BD /* Build configuration list for PBXNativeTarget "gratuit" */ = {
			isa = XCConfigurationList;
			buildConfigurations = (
				B2F49FBE27F25657009415BD /* Debug */,
				B2F49FBF27F25657009415BD /* Release */,
			);
			defaultConfigurationIsVisible = 0;
			defaultConfigurationName = Release;
		};
/* End XCConfigurationList section */
	};
	rootObject = B2F49FA127F25655009415BD /* Project object */;
}
